
Microsoft Visual Studio Solution File, Format Version 12.00
# Visual Studio Version 17
VisualStudioVersion = 17.1.32228.430
MinimumVisualStudioVersion = 10.0.40219.1
Project("{FAE04EC0-301F-11D3-BF4B-00C04F79EFBC}") = "CornerThrow", "CornerThrow\CornerThrow.csproj", "{291539ED-FFEC-47BA-9B52-2CCFC6878329}"
EndProject
Global
	GlobalSection(SolutionConfigurationPlatforms) = preSolution
		Debug|Any CPU = Debug|Any CPU
		Release|Any CPU = Release|Any CPU
	EndGlobalSection
	GlobalSection(ProjectConfigurationPlatforms) = postSolution
		{291539ED-FFEC-47BA-9B52-2CCFC6878329}.Debug|Any CPU.ActiveCfg = Debug|Any CPU
		{291539ED-FFEC-47BA-9B52-2CCFC6878329}.Debug|Any CPU.Build.0 = Debug|Any CPU
		{291539ED-FFEC-47BA-9B52-2CCFC6878329}.Release|Any CPU.ActiveCfg = Release|Any CPU
		{291539ED-FFEC-47BA-9B52-2CCFC6878329}.Release|Any CPU.Build.0 = Release|Any CPU
	EndGlobalSection
	GlobalSection(SolutionProperties) = preSolution
		HideSolutionNode = FALSE
	EndGlobalSection
	GlobalSection(ExtensibilityGlobals) = postSolution
		SolutionGuid = {013551BE-AB9E-480C-9C31-C81A1162A21C}
	EndGlobalSection
EndGlobal
